
Microsoft Visual Studio Solution File, Format Version 12.00
# Visual Studio Version 17
VisualStudioVersion = 17.9.34723.18
MinimumVisualStudioVersion = 10.0.40219.1
Project("{FAE04EC0-301F-11D3-BF4B-00C04F79EFBC}") = "DotNetFramework", "DotNetFramework\DotNetFramework.csproj", "{C203377F-F37B-4D63-A894-718C14EC6B79}"
EndProject
Project("{9A19103F-16F7-4668-BE54-9A1E7A4F7556}") = "DotNetCore", "DotNetCore\DotNetCore.csproj", "{2A5BCC5B-625A-4947-B45F-057FEB7CBCAA}"
EndProject
Global
	GlobalSection(SolutionConfigurationPlatforms) = preSolution
		Debug|Any CPU = Debug|Any CPU
		Release|Any CPU = Release|Any CPU
	EndGlobalSection
	GlobalSection(ProjectConfigurationPlatforms) = postSolution
		{C203377F-F37B-4D63-A894-718C14EC6B79}.Debug|Any CPU.ActiveCfg = Debug|Any CPU
		{C203377F-F37B-4D63-A894-718C14EC6B79}.Debug|Any CPU.Build.0 = Debug|Any CPU
		{C203377F-F37B-4D63-A894-718C14EC6B79}.Release|Any CPU.ActiveCfg = Release|Any CPU
		{C203377F-F37B-4D63-A894-718C14EC6B79}.Release|Any CPU.Build.0 = Release|Any CPU
		{2A5BCC5B-625A-4947-B45F-057FEB7CBCAA}.Debug|Any CPU.ActiveCfg = Debug|Any CPU
		{2A5BCC5B-625A-4947-B45F-057FEB7CBCAA}.Debug|Any CPU.Build.0 = Debug|Any CPU
		{2A5BCC5B-625A-4947-B45F-057FEB7CBCAA}.Release|Any CPU.ActiveCfg = Release|Any CPU
		{2A5BCC5B-625A-4947-B45F-057FEB7CBCAA}.Release|Any CPU.Build.0 = Release|Any CPU
	EndGlobalSection
	GlobalSection(SolutionProperties) = preSolution
		HideSolutionNode = FALSE
	EndGlobalSection
	GlobalSection(ExtensibilityGlobals) = postSolution
		SolutionGuid = {7CEF9224-792F-4030-A273-C92DB1037955}
	EndGlobalSection
EndGlobal
